
Microsoft Visual Studio Solution File, Format Version 12.00
# Visual Studio Version 17
VisualStudioVersion = 17.3.32901.215
MinimumVisualStudioVersion = 10.0.40219.1
Project("{FAE04EC0-301F-11D3-BF4B-00C04F79EFBC}") = "WF_ImcMaterialSkin", "WF_ImcMaterialSkin\WF_ImcMaterialSkin.csproj", "{2770F1D1-6090-4D96-97F7-EE8504705213}"
EndProject
Global
	GlobalSection(SolutionConfigurationPlatforms) = preSolution
		Debug|Any CPU = Debug|Any CPU
		Release|Any CPU = Release|Any CPU
	EndGlobalSection
	GlobalSection(ProjectConfigurationPlatforms) = postSolution
		{2770F1D1-6090-4D96-97F7-EE8504705213}.Debug|Any CPU.ActiveCfg = Debug|Any CPU
		{2770F1D1-6090-4D96-97F7-EE8504705213}.Debug|Any CPU.Build.0 = Debug|Any CPU
		{2770F1D1-6090-4D96-97F7-EE8504705213}.Release|Any CPU.ActiveCfg = Release|Any CPU
		{2770F1D1-6090-4D96-97F7-EE8504705213}.Release|Any CPU.Build.0 = Release|Any CPU
	EndGlobalSection
	GlobalSection(SolutionProperties) = preSolution
		HideSolutionNode = FALSE
	EndGlobalSection
	GlobalSection(ExtensibilityGlobals) = postSolution
		SolutionGuid = {E37C2119-00BF-4232-9C18-6D597C7866E1}
	EndGlobalSection
EndGlobal
